
Microsoft Visual Studio Solution File, Format Version 12.00
# Visual Studio 15
VisualStudioVersion = 15.0.27130.2036
MinimumVisualStudioVersion = 10.0.40219.1
Project("{FAE04EC0-301F-11D3-BF4B-00C04F79EFBC}") = "JaggedArrayAlgoritm", "JaggedArrayAlgoritm\JaggedArrayAlgoritm.csproj", "{6F5AA31B-CFC0-4213-81E3-119C9F8BCB61}"
EndProject
Project("{FAE04EC0-301F-11D3-BF4B-00C04F79EFBC}") = "JaggedArrayAlgoritm.Tests", "JaggedArrayAlgoritm.Tests\JaggedArrayAlgoritm.Tests.csproj", "{00BEE0CE-43E2-4840-B969-BCB0579A72DA}"
EndProject
Global
	GlobalSection(SolutionConfigurationPlatforms) = preSolution
		Debug|Any CPU = Debug|Any CPU
		Release|Any CPU = Release|Any CPU
	EndGlobalSection
	GlobalSection(ProjectConfigurationPlatforms) = postSolution
		{6F5AA31B-CFC0-4213-81E3-119C9F8BCB61}.Debug|Any CPU.ActiveCfg = Debug|Any CPU
		{6F5AA31B-CFC0-4213-81E3-119C9F8BCB61}.Debug|Any CPU.Build.0 = Debug|Any CPU
		{6F5AA31B-CFC0-4213-81E3-119C9F8BCB61}.Release|Any CPU.ActiveCfg = Release|Any CPU
		{6F5AA31B-CFC0-4213-81E3-119C9F8BCB61}.Release|Any CPU.Build.0 = Release|Any CPU
		{00BEE0CE-43E2-4840-B969-BCB0579A72DA}.Debug|Any CPU.ActiveCfg = Debug|Any CPU
		{00BEE0CE-43E2-4840-B969-BCB0579A72DA}.Debug|Any CPU.Build.0 = Debug|Any CPU
		{00BEE0CE-43E2-4840-B969-BCB0579A72DA}.Release|Any CPU.ActiveCfg = Release|Any CPU
		{00BEE0CE-43E2-4840-B969-BCB0579A72DA}.Release|Any CPU.Build.0 = Release|Any CPU
	EndGlobalSection
	GlobalSection(SolutionProperties) = preSolution
		HideSolutionNode = FALSE
	EndGlobalSection
	GlobalSection(ExtensibilityGlobals) = postSolution
		SolutionGuid = {C9C4C947-7043-4D1F-8206-91AD1398AF2C}
	EndGlobalSection
EndGlobal
