
Microsoft Visual Studio Solution File, Format Version 12.00
# Visual Studio 15
VisualStudioVersion = 15.0.27130.2036
MinimumVisualStudioVersion = 10.0.40219.1
Project("{FAE04EC0-301F-11D3-BF4B-00C04F79EFBC}") = "NOD", "NOD\NOD.csproj", "{B89DB5AD-2E87-4888-91A6-2E653B6EADD1}"
EndProject
Global
	GlobalSection(SolutionConfigurationPlatforms) = preSolution
		Debug|Any CPU = Debug|Any CPU
		Release|Any CPU = Release|Any CPU
	EndGlobalSection
	GlobalSection(ProjectConfigurationPlatforms) = postSolution
		{B89DB5AD-2E87-4888-91A6-2E653B6EADD1}.Debug|Any CPU.ActiveCfg = Debug|Any CPU
		{B89DB5AD-2E87-4888-91A6-2E653B6EADD1}.Debug|Any CPU.Build.0 = Debug|Any CPU
		{B89DB5AD-2E87-4888-91A6-2E653B6EADD1}.Release|Any CPU.ActiveCfg = Release|Any CPU
		{B89DB5AD-2E87-4888-91A6-2E653B6EADD1}.Release|Any CPU.Build.0 = Release|Any CPU
	EndGlobalSection
	GlobalSection(SolutionProperties) = preSolution
		HideSolutionNode = FALSE
	EndGlobalSection
	GlobalSection(ExtensibilityGlobals) = postSolution
		SolutionGuid = {AFB56418-0A48-4323-ABE1-584D82F1C79D}
	EndGlobalSection
EndGlobal
