
Microsoft Visual Studio Solution File, Format Version 12.00
# Visual Studio 15
VisualStudioVersion = 15.0.27130.2036
MinimumVisualStudioVersion = 10.0.40219.1
Project("{FAE04EC0-301F-11D3-BF4B-00C04F79EFBC}") = "DoubleToBitArray", "DoubleToBitArray\DoubleToBitArray.csproj", "{44C3DF81-4E80-4237-8D98-BC030596CB0F}"
EndProject
Global
	GlobalSection(SolutionConfigurationPlatforms) = preSolution
		Debug|Any CPU = Debug|Any CPU
		Release|Any CPU = Release|Any CPU
	EndGlobalSection
	GlobalSection(ProjectConfigurationPlatforms) = postSolution
		{44C3DF81-4E80-4237-8D98-BC030596CB0F}.Debug|Any CPU.ActiveCfg = Debug|Any CPU
		{44C3DF81-4E80-4237-8D98-BC030596CB0F}.Debug|Any CPU.Build.0 = Debug|Any CPU
		{44C3DF81-4E80-4237-8D98-BC030596CB0F}.Release|Any CPU.ActiveCfg = Release|Any CPU
		{44C3DF81-4E80-4237-8D98-BC030596CB0F}.Release|Any CPU.Build.0 = Release|Any CPU
	EndGlobalSection
	GlobalSection(SolutionProperties) = preSolution
		HideSolutionNode = FALSE
	EndGlobalSection
	GlobalSection(ExtensibilityGlobals) = postSolution
		SolutionGuid = {6942B243-85AA-4A2A-B128-B9ADE8373BC3}
	EndGlobalSection
EndGlobal
