
Microsoft Visual Studio Solution File, Format Version 12.00
# Visual Studio 15
VisualStudioVersion = 15.0.27428.2027
MinimumVisualStudioVersion = 10.0.40219.1
Project("{FAE04EC0-301F-11D3-BF4B-00C04F79EFBC}") = "MatrixClass", "MatrixClass\MatrixClass.csproj", "{5FA8F159-1FFD-49B2-951D-55AFCC9DE6B6}"
EndProject
Project("{FAE04EC0-301F-11D3-BF4B-00C04F79EFBC}") = "MatrixClass.Tests", "MatrixClass.Tests\MatrixClass.Tests.csproj", "{92807CA2-A26D-4734-A09B-50A49DDBAF95}"
EndProject
Global
	GlobalSection(SolutionConfigurationPlatforms) = preSolution
		Debug|Any CPU = Debug|Any CPU
		Release|Any CPU = Release|Any CPU
	EndGlobalSection
	GlobalSection(ProjectConfigurationPlatforms) = postSolution
		{5FA8F159-1FFD-49B2-951D-55AFCC9DE6B6}.Debug|Any CPU.ActiveCfg = Debug|Any CPU
		{5FA8F159-1FFD-49B2-951D-55AFCC9DE6B6}.Debug|Any CPU.Build.0 = Debug|Any CPU
		{5FA8F159-1FFD-49B2-951D-55AFCC9DE6B6}.Release|Any CPU.ActiveCfg = Release|Any CPU
		{5FA8F159-1FFD-49B2-951D-55AFCC9DE6B6}.Release|Any CPU.Build.0 = Release|Any CPU
		{92807CA2-A26D-4734-A09B-50A49DDBAF95}.Debug|Any CPU.ActiveCfg = Debug|Any CPU
		{92807CA2-A26D-4734-A09B-50A49DDBAF95}.Debug|Any CPU.Build.0 = Debug|Any CPU
		{92807CA2-A26D-4734-A09B-50A49DDBAF95}.Release|Any CPU.ActiveCfg = Release|Any CPU
		{92807CA2-A26D-4734-A09B-50A49DDBAF95}.Release|Any CPU.Build.0 = Release|Any CPU
	EndGlobalSection
	GlobalSection(SolutionProperties) = preSolution
		HideSolutionNode = FALSE
	EndGlobalSection
	GlobalSection(ExtensibilityGlobals) = postSolution
		SolutionGuid = {6FB4B012-027D-419F-9F99-C1F595F081D6}
	EndGlobalSection
EndGlobal
