
Microsoft Visual Studio Solution File, Format Version 12.00
# Visual Studio 15
VisualStudioVersion = 15.0.27428.2027
MinimumVisualStudioVersion = 10.0.40219.1
Project("{FAE04EC0-301F-11D3-BF4B-00C04F79EFBC}") = "CustomQueue", "CustomQueue\CustomQueue.csproj", "{60F64AA7-2919-4087-A0E1-2325A525492F}"
EndProject
Project("{FAE04EC0-301F-11D3-BF4B-00C04F79EFBC}") = "CustomQueue.Tests", "CustomQueue.Tests\CustomQueue.Tests.csproj", "{CD37FF78-35B3-4E4D-A5DD-6E20EA309253}"
EndProject
Global
	GlobalSection(SolutionConfigurationPlatforms) = preSolution
		Debug|Any CPU = Debug|Any CPU
		Release|Any CPU = Release|Any CPU
	EndGlobalSection
	GlobalSection(ProjectConfigurationPlatforms) = postSolution
		{60F64AA7-2919-4087-A0E1-2325A525492F}.Debug|Any CPU.ActiveCfg = Debug|Any CPU
		{60F64AA7-2919-4087-A0E1-2325A525492F}.Debug|Any CPU.Build.0 = Debug|Any CPU
		{60F64AA7-2919-4087-A0E1-2325A525492F}.Release|Any CPU.ActiveCfg = Release|Any CPU
		{60F64AA7-2919-4087-A0E1-2325A525492F}.Release|Any CPU.Build.0 = Release|Any CPU
		{CD37FF78-35B3-4E4D-A5DD-6E20EA309253}.Debug|Any CPU.ActiveCfg = Debug|Any CPU
		{CD37FF78-35B3-4E4D-A5DD-6E20EA309253}.Debug|Any CPU.Build.0 = Debug|Any CPU
		{CD37FF78-35B3-4E4D-A5DD-6E20EA309253}.Release|Any CPU.ActiveCfg = Release|Any CPU
		{CD37FF78-35B3-4E4D-A5DD-6E20EA309253}.Release|Any CPU.Build.0 = Release|Any CPU
	EndGlobalSection
	GlobalSection(SolutionProperties) = preSolution
		HideSolutionNode = FALSE
	EndGlobalSection
	GlobalSection(ExtensibilityGlobals) = postSolution
		SolutionGuid = {E509614C-663E-495A-8AC0-E282C6A5A181}
	EndGlobalSection
EndGlobal
