
Microsoft Visual Studio Solution File, Format Version 12.00
# Visual Studio 15
VisualStudioVersion = 15.0.27130.2036
MinimumVisualStudioVersion = 10.0.40219.1
Project("{FAE04EC0-301F-11D3-BF4B-00C04F79EFBC}") = "Service", "Service\Service.csproj", "{512BE011-98BB-4544-8AA1-DF2F1F9ED1EF}"
EndProject
Project("{FAE04EC0-301F-11D3-BF4B-00C04F79EFBC}") = "Repository", "Repository\Repository.csproj", "{D76EBCB3-3B77-4ABD-BF35-14AA09185884}"
EndProject
Project("{FAE04EC0-301F-11D3-BF4B-00C04F79EFBC}") = "BookService.Tests", "BookService.Tests\BookService.Tests.csproj", "{B6C7141E-729F-45BE-B5A2-9D8703EA0225}"
EndProject
Global
	GlobalSection(SolutionConfigurationPlatforms) = preSolution
		Debug|Any CPU = Debug|Any CPU
		Release|Any CPU = Release|Any CPU
	EndGlobalSection
	GlobalSection(ProjectConfigurationPlatforms) = postSolution
		{512BE011-98BB-4544-8AA1-DF2F1F9ED1EF}.Debug|Any CPU.ActiveCfg = Debug|Any CPU
		{512BE011-98BB-4544-8AA1-DF2F1F9ED1EF}.Debug|Any CPU.Build.0 = Debug|Any CPU
		{512BE011-98BB-4544-8AA1-DF2F1F9ED1EF}.Release|Any CPU.ActiveCfg = Release|Any CPU
		{512BE011-98BB-4544-8AA1-DF2F1F9ED1EF}.Release|Any CPU.Build.0 = Release|Any CPU
		{D76EBCB3-3B77-4ABD-BF35-14AA09185884}.Debug|Any CPU.ActiveCfg = Debug|Any CPU
		{D76EBCB3-3B77-4ABD-BF35-14AA09185884}.Debug|Any CPU.Build.0 = Debug|Any CPU
		{D76EBCB3-3B77-4ABD-BF35-14AA09185884}.Release|Any CPU.ActiveCfg = Release|Any CPU
		{D76EBCB3-3B77-4ABD-BF35-14AA09185884}.Release|Any CPU.Build.0 = Release|Any CPU
		{B6C7141E-729F-45BE-B5A2-9D8703EA0225}.Debug|Any CPU.ActiveCfg = Debug|Any CPU
		{B6C7141E-729F-45BE-B5A2-9D8703EA0225}.Debug|Any CPU.Build.0 = Debug|Any CPU
		{B6C7141E-729F-45BE-B5A2-9D8703EA0225}.Release|Any CPU.ActiveCfg = Release|Any CPU
		{B6C7141E-729F-45BE-B5A2-9D8703EA0225}.Release|Any CPU.Build.0 = Release|Any CPU
	EndGlobalSection
	GlobalSection(SolutionProperties) = preSolution
		HideSolutionNode = FALSE
	EndGlobalSection
	GlobalSection(ExtensibilityGlobals) = postSolution
		SolutionGuid = {B9F84F5D-9976-4DE8-BE34-6E9BDA3ACF8A}
	EndGlobalSection
EndGlobal
